
Microsoft Visual Studio Solution File, Format Version 12.00
# Visual Studio Version 18
VisualStudioVersion = 18.6.11723.189
MinimumVisualStudioVersion = 10.0.40219.1
Project("{FAE04EC0-301F-11D3-BF4B-00C04F79EFBC}") = "setup Analysis", "setup Analysis.csproj", "{62731FF7-7D90-4F4B-8051-E857A3F8F825}"
EndProject
Global
	GlobalSection(SolutionConfigurationPlatforms) = preSolution
		Debug|Any CPU = Debug|Any CPU
		Release|Any CPU = Release|Any CPU
	EndGlobalSection
	GlobalSection(ProjectConfigurationPlatforms) = postSolution
		{62731FF7-7D90-4F4B-8051-E857A3F8F825}.Debug|Any CPU.ActiveCfg = Debug|Any CPU
		{62731FF7-7D90-4F4B-8051-E857A3F8F825}.Debug|Any CPU.Build.0 = Debug|Any CPU
		{62731FF7-7D90-4F4B-8051-E857A3F8F825}.Release|Any CPU.ActiveCfg = Release|Any CPU
		{62731FF7-7D90-4F4B-8051-E857A3F8F825}.Release|Any CPU.Build.0 = Release|Any CPU
	EndGlobalSection
	GlobalSection(SolutionProperties) = preSolution
		HideSolutionNode = FALSE
	EndGlobalSection
EndGlobal
